
Microsoft Visual Studio Solution File, Format Version 12.00
# Visual Studio Version 16
VisualStudioVersion = 16.0.29806.167
MinimumVisualStudioVersion = 10.0.40219.1
Project("{FAE04EC0-301F-11D3-BF4B-00C04F79EFBC}") = "InterviewPracticeUI", "InterviewPracticeUI\InterviewPracticeUI.csproj", "{B4633E7F-DB2A-4B72-9CC6-552BE9931585}"
EndProject
Project("{FAE04EC0-301F-11D3-BF4B-00C04F79EFBC}") = "InterviewPractice", "InterviewPractice\InterviewPractice.csproj", "{7498B057-8E98-4E1A-AD5F-E329A6E0A0A3}"
EndProject
Global
	GlobalSection(SolutionConfigurationPlatforms) = preSolution
		Debug|Any CPU = Debug|Any CPU
		Debug|x64 = Debug|x64
		Release|Any CPU = Release|Any CPU
		Release|x64 = Release|x64
	EndGlobalSection
	GlobalSection(ProjectConfigurationPlatforms) = postSolution
		{B4633E7F-DB2A-4B72-9CC6-552BE9931585}.Debug|Any CPU.ActiveCfg = Release|x64
		{B4633E7F-DB2A-4B72-9CC6-552BE9931585}.Debug|Any CPU.Build.0 = Release|x64
		{B4633E7F-DB2A-4B72-9CC6-552BE9931585}.Debug|x64.ActiveCfg = Release|x64
		{B4633E7F-DB2A-4B72-9CC6-552BE9931585}.Debug|x64.Build.0 = Release|x64
		{B4633E7F-DB2A-4B72-9CC6-552BE9931585}.Release|Any CPU.ActiveCfg = Release|Any CPU
		{B4633E7F-DB2A-4B72-9CC6-552BE9931585}.Release|Any CPU.Build.0 = Release|Any CPU
		{B4633E7F-DB2A-4B72-9CC6-552BE9931585}.Release|x64.ActiveCfg = Release|x64
		{B4633E7F-DB2A-4B72-9CC6-552BE9931585}.Release|x64.Build.0 = Release|x64
		{7498B057-8E98-4E1A-AD5F-E329A6E0A0A3}.Debug|Any CPU.ActiveCfg = Release|x64
		{7498B057-8E98-4E1A-AD5F-E329A6E0A0A3}.Debug|Any CPU.Build.0 = Release|x64
		{7498B057-8E98-4E1A-AD5F-E329A6E0A0A3}.Debug|x64.ActiveCfg = Release|x64
		{7498B057-8E98-4E1A-AD5F-E329A6E0A0A3}.Debug|x64.Build.0 = Release|x64
		{7498B057-8E98-4E1A-AD5F-E329A6E0A0A3}.Release|Any CPU.ActiveCfg = Release|Any CPU
		{7498B057-8E98-4E1A-AD5F-E329A6E0A0A3}.Release|Any CPU.Build.0 = Release|Any CPU
		{7498B057-8E98-4E1A-AD5F-E329A6E0A0A3}.Release|x64.ActiveCfg = Release|x64
		{7498B057-8E98-4E1A-AD5F-E329A6E0A0A3}.Release|x64.Build.0 = Release|x64
	EndGlobalSection
	GlobalSection(SolutionProperties) = preSolution
		HideSolutionNode = FALSE
	EndGlobalSection
	GlobalSection(ExtensibilityGlobals) = postSolution
		SolutionGuid = {D719A6EE-3379-4F18-B234-227C3E611AB6}
	EndGlobalSection
EndGlobal
